// !$*UTF8*$!
{
	archiveVersion = 1;
	classes = {
	};
	objectVersion = 56;
	objects = {

/* Begin PBXBuildFile section */
		172BE97A2C8938F500BC68D8 /* StockDataViews.swift in Sources */ = {isa = PBXBuildFile; fileRef = 172BE9792C8938F500BC68D8 /* StockDataViews.swift */; };
		17D003252C646AA1001DC8B4 /* QuikTradeApp.swift in Sources */ = {isa = PBXBuildFile; fileRef = 17D003242C646AA1001DC8B4 /* QuikTradeApp.swift */; };
		17D003272C646AA1001DC8B4 /* ContentView.swift in Sources */ = {isa = PBXBuildFile; fileRef = 17D003262C646AA1001DC8B4 /* ContentView.swift */; };
		17D003292C646AA4001DC8B4 /* Assets.xcassets in Resources */ = {isa = PBXBuildFile; fileRef = 17D003282C646AA4001DC8B4 /* Assets.xcassets */; };
		17D0032C2C646AA4001DC8B4 /* Preview Assets.xcassets in Resources */ = {isa = PBXBuildFile; fileRef = 17D0032B2C646AA4001DC8B4 /* Preview Assets.xcassets */; };
		17D003362C646AA5001DC8B4 /* QuikTradeTests.swift in Sources */ = {isa = PBXBuildFile; fileRef = 17D003352C646AA5001DC8B4 /* QuikTradeTests.swift */; };
		17D003402C646AA5001DC8B4 /* QuikTradeUITests.swift in Sources */ = {isa = PBXBuildFile; fileRef = 17D0033F2C646AA5001DC8B4 /* QuikTradeUITests.swift */; };
		17D003422C646AA5001DC8B4 /* QuikTradeUITestsLaunchTests.swift in Sources */ = {isa = PBXBuildFile; fileRef = 17D003412C646AA5001DC8B4 /* QuikTradeUITestsLaunchTests.swift */; };
		17D003502C646AFA001DC8B4 /* HomeView.swift in Sources */ = {isa = PBXBuildFile; fileRef = 17D0034F2C646AFA001DC8B4 /* HomeView.swift */; };
		17D003522C646B07001DC8B4 /* SearchView.swift in Sources */ = {isa = PBXBuildFile; fileRef = 17D003512C646B07001DC8B4 /* SearchView.swift */; };
		17D003542C646B14001DC8B4 /* AnalyticsView.swift in Sources */ = {isa = PBXBuildFile; fileRef = 17D003532C646B14001DC8B4 /* AnalyticsView.swift */; };
		17D003562C646B1F001DC8B4 /* SettingsView.swift in Sources */ = {isa = PBXBuildFile; fileRef = 17D003552C646B1F001DC8B4 /* SettingsView.swift */; };
/* End PBXBuildFile section */

/* Begin PBXContainerItemProxy section */
		17D003322C646AA5001DC8B4 /* PBXContainerItemProxy */ = {
			isa = PBXContainerItemProxy;
			containerPortal = 17D003192C646AA1001DC8B4 /* Project object */;
			proxyType = 1;
			remoteGlobalIDString = 17D003202C646AA1001DC8B4;
			remoteInfo = QuikTrade;
		};
		17D0033C2C646AA5001DC8B4 /* PBXContainerItemProxy */ = {
			isa = PBXContainerItemProxy;
			containerPortal = 17D003192C646AA1001DC8B4 /* Project object */;
			proxyType = 1;
			remoteGlobalIDString = 17D003202C646AA1001DC8B4;
			remoteInfo = QuikTrade;
		};
/* End PBXContainerItemProxy section */

/* Begin PBXFileReference section */
		172BE9792C8938F500BC68D8 /* StockDataViews.swift */ = {isa = PBXFileReference; lastKnownFileType = sourcecode.swift; path = StockDataViews.swift; sourceTree = "<group>"; };
		17D003212C646AA1001DC8B4 /* QuikTrade.app */ = {isa = PBXFileReference; explicitFileType = wrapper.application; includeInIndex = 0; path = QuikTrade.app; sourceTree = BUILT_PRODUCTS_DIR; };
		17D003242C646AA1001DC8B4 /* QuikTradeApp.swift */ = {isa = PBXFileReference; lastKnownFileType = sourcecode.swift; path = QuikTradeApp.swift; sourceTree = "<group>"; };
		17D003262C646AA1001DC8B4 /* ContentView.swift */ = {isa = PBXFileReference; lastKnownFileType = sourcecode.swift; path = ContentView.swift; sourceTree = "<group>"; };
		17D003282C646AA4001DC8B4 /* Assets.xcassets */ = {isa = PBXFileReference; lastKnownFileType = folder.assetcatalog; path = Assets.xcassets; sourceTree = "<group>"; };
		17D0032B2C646AA4001DC8B4 /* Preview Assets.xcassets */ = {isa = PBXFileReference; lastKnownFileType = folder.assetcatalog; path = "Preview Assets.xcassets"; sourceTree = "<group>"; };
		17D003312C646AA5001DC8B4 /* QuikTradeTests.xctest */ = {isa = PBXFileReference; explicitFileType = wrapper.cfbundle; includeInIndex = 0; path = QuikTradeTests.xctest; sourceTree = BUILT_PRODUCTS_DIR; };
		17D003352C646AA5001DC8B4 /* QuikTradeTests.swift */ = {isa = PBXFileReference; lastKnownFileType = sourcecode.swift; path = QuikTradeTests.swift; sourceTree = "<group>"; };
		17D0033B2C646AA5001DC8B4 /* QuikTradeUITests.xctest */ = {isa = PBXFileReference; explicitFileType = wrapper.cfbundle; includeInIndex = 0; path = QuikTradeUITests.xctest; sourceTree = BUILT_PRODUCTS_DIR; };
		17D0033F2C646AA5001DC8B4 /* QuikTradeUITests.swift */ = {isa = PBXFileReference; lastKnownFileType = sourcecode.swift; path = QuikTradeUITests.swift; sourceTree = "<group>"; };
		17D003412C646AA5001DC8B4 /* QuikTradeUITestsLaunchTests.swift */ = {isa = PBXFileReference; lastKnownFileType = sourcecode.swift; path = QuikTradeUITestsLaunchTests.swift; sourceTree = "<group>"; };
		17D0034F2C646AFA001DC8B4 /* HomeView.swift */ = {isa = PBXFileReference; lastKnownFileType = sourcecode.swift; path = HomeView.swift; sourceTree = "<group>"; };
		17D003512C646B07001DC8B4 /* SearchView.swift */ = {isa = PBXFileReference; lastKnownFileType = sourcecode.swift; path = SearchView.swift; sourceTree = "<group>"; };
		17D003532C646B14001DC8B4 /* AnalyticsView.swift */ = {isa = PBXFileReference; lastKnownFileType = sourcecode.swift; path = AnalyticsView.swift; sourceTree = "<group>"; };
		17D003552C646B1F001DC8B4 /* SettingsView.swift */ = {isa = PBXFileReference; lastKnownFileType = sourcecode.swift; path = SettingsView.swift; sourceTree = "<group>"; };
/* End PBXFileReference section */

/* Begin PBXFrameworksBuildPhase section */
		17D0031E2C646AA1001DC8B4 /* Frameworks */ = {
			isa = PBXFrameworksBuildPhase;
			buildActionMask = 2147483647;
			files = (
			);
			runOnlyForDeploymentPostprocessing = 0;
		};
		17D0032E2C646AA5001DC8B4 /* Frameworks */ = {
			isa = PBXFrameworksBuildPhase;
			buildActionMask = 2147483647;
			files = (
			);
			runOnlyForDeploymentPostprocessing = 0;
		};
		17D003382C646AA5001DC8B4 /* Frameworks */ = {
			isa = PBXFrameworksBuildPhase;
			buildActionMask = 2147483647;
			files = (
			);
			runOnlyForDeploymentPostprocessing = 0;
		};
/* End PBXFrameworksBuildPhase section */

/* Begin PBXGroup section */
		17D003182C646AA1001DC8B4 = {
			isa = PBXGroup;
			children = (
				17D003232C646AA1001DC8B4 /* QuikTrade */,
				17D003342C646AA5001DC8B4 /* QuikTradeTests */,
				17D0033E2C646AA5001DC8B4 /* QuikTradeUITests */,
				17D003222C646AA1001DC8B4 /* Products */,
			);
			sourceTree = "<group>";
		};
		17D003222C646AA1001DC8B4 /* Products */ = {
			isa = PBXGroup;
			children = (
				17D003212C646AA1001DC8B4 /* QuikTrade.app */,
				17D003312C646AA5001DC8B4 /* QuikTradeTests.xctest */,
				17D0033B2C646AA5001DC8B4 /* QuikTradeUITests.xctest */,
			);
			name = Products;
			sourceTree = "<group>";
		};
		17D003232C646AA1001DC8B4 /* QuikTrade */ = {
			isa = PBXGroup;
			children = (
				17D003242C646AA1001DC8B4 /* QuikTradeApp.swift */,
				17D003262C646AA1001DC8B4 /* ContentView.swift */,
				17D0034E2C646AC4001DC8B4 /* Views */,
				17D003282C646AA4001DC8B4 /* Assets.xcassets */,
				17D0032A2C646AA4001DC8B4 /* Preview Content */,
			);
			path = QuikTrade;
			sourceTree = "<group>";
		};
		17D0032A2C646AA4001DC8B4 /* Preview Content */ = {
			isa = PBXGroup;
			children = (
				17D0032B2C646AA4001DC8B4 /* Preview Assets.xcassets */,
			);
			path = "Preview Content";
			sourceTree = "<group>";
		};
		17D003342C646AA5001DC8B4 /* QuikTradeTests */ = {
			isa = PBXGroup;
			children = (
				17D003352C646AA5001DC8B4 /* QuikTradeTests.swift */,
			);
			path = QuikTradeTests;
			sourceTree = "<group>";
		};
		17D0033E2C646AA5001DC8B4 /* QuikTradeUITests */ = {
			isa = PBXGroup;
			children = (
				17D0033F2C646AA5001DC8B4 /* QuikTradeUITests.swift */,
				17D003412C646AA5001DC8B4 /* QuikTradeUITestsLaunchTests.swift */,
			);
			path = QuikTradeUITests;
			sourceTree = "<group>";
		};
		17D0034E2C646AC4001DC8B4 /* Views */ = {
			isa = PBXGroup;
			children = (
				17D0034F2C646AFA001DC8B4 /* HomeView.swift */,
				17D003512C646B07001DC8B4 /* SearchView.swift */,
				17D003532C646B14001DC8B4 /* AnalyticsView.swift */,
				17D003552C646B1F001DC8B4 /* SettingsView.swift */,
				172BE9792C8938F500BC68D8 /* StockDataViews.swift */,
			);
			path = Views;
			sourceTree = "<group>";
		};
/* End PBXGroup section */

/* Begin PBXNativeTarget section */
		17D003202C646AA1001DC8B4 /* QuikTrade */ = {
			isa = PBXNativeTarget;
			buildConfigurationList = 17D003452C646AA5001DC8B4 /* Build configuration list for PBXNativeTarget "QuikTrade" */;
			buildPhases = (
				17D0031D2C646AA1001DC8B4 /* Sources */,
				17D0031E2C646AA1001DC8B4 /* Frameworks */,
				17D0031F2C646AA1001DC8B4 /* Resources */,
			);
			buildRules = (
			);
			dependencies = (
			);
			name = QuikTrade;
			productName = QuikTrade;
			productReference = 17D003212C646AA1001DC8B4 /* QuikTrade.app */;
			productType = "com.apple.product-type.application";
		};
		17D003302C646AA5001DC8B4 /* QuikTradeTests */ = {
			isa = PBXNativeTarget;
			buildConfigurationList = 17D003482C646AA5001DC8B4 /* Build configuration list for PBXNativeTarget "QuikTradeTests" */;
			buildPhases = (
				17D0032D2C646AA5001DC8B4 /* Sources */,
				17D0032E2C646AA5001DC8B4 /* Frameworks */,
				17D0032F2C646AA5001DC8B4 /* Resources */,
			);
			buildRules = (
			);
			dependencies = (
				17D003332C646AA5001DC8B4 /* PBXTargetDependency */,
			);
			name = QuikTradeTests;
			productName = QuikTradeTests;
			productReference = 17D003312C646AA5001DC8B4 /* QuikTradeTests.xctest */;
			productType = "com.apple.product-type.bundle.unit-test";
		};
		17D0033A2C646AA5001DC8B4 /* QuikTradeUITests */ = {
			isa = PBXNativeTarget;
			buildConfigurationList = 17D0034B2C646AA5001DC8B4 /* Build configuration list for PBXNativeTarget "QuikTradeUITests" */;
			buildPhases = (
				17D003372C646AA5001DC8B4 /* Sources */,
				17D003382C646AA5001DC8B4 /* Frameworks */,
				17D003392C646AA5001DC8B4 /* Resources */,
			);
			buildRules = (
			);
			dependencies = (
				17D0033D2C646AA5001DC8B4 /* PBXTargetDependency */,
			);
			name = QuikTradeUITests;
			productName = QuikTradeUITests;
			productReference = 17D0033B2C646AA5001DC8B4 /* QuikTradeUITests.xctest */;
			productType = "com.apple.product-type.bundle.ui-testing";
		};
/* End PBXNativeTarget section */

/* Begin PBXProject section */
		17D003192C646AA1001DC8B4 /* Project object */ = {
			isa = PBXProject;
			attributes = {
				BuildIndependentTargetsInParallel = 1;
				LastSwiftUpdateCheck = 1540;
				LastUpgradeCheck = 1540;
				TargetAttributes = {
					17D003202C646AA1001DC8B4 = {
						CreatedOnToolsVersion = 15.4;
					};
					17D003302C646AA5001DC8B4 = {
						CreatedOnToolsVersion = 15.4;
						TestTargetID = 17D003202C646AA1001DC8B4;
					};
					17D0033A2C646AA5001DC8B4 = {
						CreatedOnToolsVersion = 15.4;
						TestTargetID = 17D003202C646AA1001DC8B4;
					};
				};
			};
			buildConfigurationList = 17D0031C2C646AA1001DC8B4 /* Build configuration list for PBXProject "QuikTrade" */;
			compatibilityVersion = "Xcode 14.0";
			developmentRegion = en;
			hasScannedForEncodings = 0;
			knownRegions = (
				en,
				Base,
			);
			mainGroup = 17D003182C646AA1001DC8B4;
			productRefGroup = 17D003222C646AA1001DC8B4 /* Products */;
			projectDirPath = "";
			projectRoot = "";
			targets = (
				17D003202C646AA1001DC8B4 /* QuikTrade */,
				17D003302C646AA5001DC8B4 /* QuikTradeTests */,
				17D0033A2C646AA5001DC8B4 /* QuikTradeUITests */,
			);
		};
/* End PBXProject section */

/* Begin PBXResourcesBuildPhase section */
		17D0031F2C646AA1001DC8B4 /* Resources */ = {
			isa = PBXResourcesBuildPhase;
			buildActionMask = 2147483647;
			files = (
				17D0032C2C646AA4001DC8B4 /* Preview Assets.xcassets in Resources */,
				17D003292C646AA4001DC8B4 /* Assets.xcassets in Resources */,
			);
			runOnlyForDeploymentPostprocessing = 0;
		};
		17D0032F2C646AA5001DC8B4 /* Resources */ = {
			isa = PBXResourcesBuildPhase;
			buildActionMask = 2147483647;
			files = (
			);
			runOnlyForDeploymentPostprocessing = 0;
		};
		17D003392C646AA5001DC8B4 /* Resources */ = {
			isa = PBXResourcesBuildPhase;
			buildActionMask = 2147483647;
			files = (
			);
			runOnlyForDeploymentPostprocessing = 0;
		};
/* End PBXResourcesBuildPhase section */

/* Begin PBXSourcesBuildPhase section */
		17D0031D2C646AA1001DC8B4 /* Sources */ = {
			isa = PBXSourcesBuildPhase;
			buildActionMask = 2147483647;
			files = (
				17D003522C646B07001DC8B4 /* SearchView.swift in Sources */,
				17D003502C646AFA001DC8B4 /* HomeView.swift in Sources */,
				172BE97A2C8938F500BC68D8 /* StockDataViews.swift in Sources */,
				17D003272C646AA1001DC8B4 /* ContentView.swift in Sources */,
				17D003562C646B1F001DC8B4 /* SettingsView.swift in Sources */,
				17D003542C646B14001DC8B4 /* AnalyticsView.swift in Sources */,
				17D003252C646AA1001DC8B4 /* QuikTradeApp.swift in Sources */,
			);
			runOnlyForDeploymentPostprocessing = 0;
		};
		17D0032D2C646AA5001DC8B4 /* Sources */ = {
			isa = PBXSourcesBuildPhase;
			buildActionMask = 2147483647;
			files = (
				17D003362C646AA5001DC8B4 /* QuikTradeTests.swift in Sources */,
			);
			runOnlyForDeploymentPostprocessing = 0;
		};
		17D003372C646AA5001DC8B4 /* Sources */ = {
			isa = PBXSourcesBuildPhase;
			buildActionMask = 2147483647;
			files = (
				17D003402C646AA5001DC8B4 /* QuikTradeUITests.swift in Sources */,
				17D003422C646AA5001DC8B4 /* QuikTradeUITestsLaunchTests.swift in Sources */,
			);
			runOnlyForDeploymentPostprocessing = 0;
		};
/* End PBXSourcesBuildPhase section */

/* Begin PBXTargetDependency section */
		17D003332C646AA5001DC8B4 /* PBXTargetDependency */ = {
			isa = PBXTargetDependency;
			target = 17D003202C646AA1001DC8B4 /* QuikTrade */;
			targetProxy = 17D003322C646AA5001DC8B4 /* PBXContainerItemProxy */;
		};
		17D0033D2C646AA5001DC8B4 /* PBXTargetDependency */ = {
			isa = PBXTargetDependency;
			target = 17D003202C646AA1001DC8B4 /* QuikTrade */;
			targetProxy = 17D0033C2C646AA5001DC8B4 /* PBXContainerItemProxy */;
		};
/* End PBXTargetDependency section */

/* Begin XCBuildConfiguration section */
		17D003432C646AA5001DC8B4 /* Debug */ = {
			isa = XCBuildConfiguration;
			buildSettings = {
				ALWAYS_SEARCH_USER_PATHS = NO;
				ASSETCATALOG_COMPILER_GENERATE_SWIFT_ASSET_SYMBOL_EXTENSIONS = YES;
				CLANG_ANALYZER_NONNULL = YES;
				CLANG_ANALYZER_NUMBER_OBJECT_CONVERSION = YES_AGGRESSIVE;
				CLANG_CXX_LANGUAGE_STANDARD = "gnu++20";
				CLANG_ENABLE_MODULES = YES;
				CLANG_ENABLE_OBJC_ARC = YES;
				CLANG_ENABLE_OBJC_WEAK = YES;
				CLANG_WARN_BLOCK_CAPTURE_AUTORELEASING = YES;
				CLANG_WARN_BOOL_CONVERSION = YES;
				CLANG_WARN_COMMA = YES;
				CLANG_WARN_CONSTANT_CONVERSION = YES;
				CLANG_WARN_DEPRECATED_OBJC_IMPLEMENTATIONS = YES;
				CLANG_WARN_DIRECT_OBJC_ISA_USAGE = YES_ERROR;
				CLANG_WARN_DOCUMENTATION_COMMENTS = YES;
				CLANG_WARN_EMPTY_BODY = YES;
				CLANG_WARN_ENUM_CONVERSION = YES;
				CLANG_WARN_INFINITE_RECURSION = YES;
				CLANG_WARN_INT_CONVERSION = YES;
				CLANG_WARN_NON_LITERAL_NULL_CONVERSION = YES;
				CLANG_WARN_OBJC_IMPLICIT_RETAIN_SELF = YES;
				CLANG_WARN_OBJC_LITERAL_CONVERSION = YES;
				CLANG_WARN_OBJC_ROOT_CLASS = YES_ERROR;
				CLANG_WARN_QUOTED_INCLUDE_IN_FRAMEWORK_HEADER = YES;
				CLANG_WARN_RANGE_LOOP_ANALYSIS = YES;
				CLANG_WARN_STRICT_PROTOTYPES = YES;
				CLANG_WARN_SUSPICIOUS_MOVE = YES;
				CLANG_WARN_UNGUARDED_AVAILABILITY = YES_AGGRESSIVE;
				CLANG_WARN_UNREACHABLE_CODE = YES;
				CLANG_WARN__DUPLICATE_METHOD_MATCH = YES;
				COPY_PHASE_STRIP = NO;
				DEBUG_INFORMATION_FORMAT = dwarf;
				ENABLE_STRICT_OBJC_MSGSEND = YES;
				ENABLE_TESTABILITY = YES;
				ENABLE_USER_SCRIPT_SANDBOXING = YES;
				GCC_C_LANGUAGE_STANDARD = gnu17;
				GCC_DYNAMIC_NO_PIC = NO;
				GCC_NO_COMMON_BLOCKS = YES;
				GCC_OPTIMIZATION_LEVEL = 0;
				GCC_PREPROCESSOR_DEFINITIONS = (
					"DEBUG=1",
					"$(inherited)",
				);
				GCC_WARN_64_TO_32_BIT_CONVERSION = YES;
				GCC_WARN_ABOUT_RETURN_TYPE = YES_ERROR;
				GCC_WARN_UNDECLARED_SELECTOR = YES;
				GCC_WARN_UNINITIALIZED_AUTOS = YES_AGGRESSIVE;
				GCC_WARN_UNUSED_FUNCTION = YES;
				GCC_WARN_UNUSED_VARIABLE = YES;
				IPHONEOS_DEPLOYMENT_TARGET = 17.5;
				LOCALIZATION_PREFERS_STRING_CATALOGS = YES;
				MTL_ENABLE_DEBUG_INFO = INCLUDE_SOURCE;
				MTL_FAST_MATH = YES;
				ONLY_ACTIVE_ARCH = YES;
				SDKROOT = iphoneos;
				SWIFT_ACTIVE_COMPILATION_CONDITIONS = "DEBUG $(inherited)";
				SWIFT_OPTIMIZATION_LEVEL = "-Onone";
			};
			name = Debug;
		};
		17D003442C646AA5001DC8B4 /* Release */ = {
			isa = XCBuildConfiguration;
			buildSettings = {
				ALWAYS_SEARCH_USER_PATHS = NO;
				ASSETCATALOG_COMPILER_GENERATE_SWIFT_ASSET_SYMBOL_EXTENSIONS = YES;
				CLANG_ANALYZER_NONNULL = YES;
				CLANG_ANALYZER_NUMBER_OBJECT_CONVERSION = YES_AGGRESSIVE;
				CLANG_CXX_LANGUAGE_STANDARD = "gnu++20";
				CLANG_ENABLE_MODULES = YES;
				CLANG_ENABLE_OBJC_ARC = YES;
				CLANG_ENABLE_OBJC_WEAK = YES;
				CLANG_WARN_BLOCK_CAPTURE_AUTORELEASING = YES;
				CLANG_WARN_BOOL_CONVERSION = YES;
				CLANG_WARN_COMMA = YES;
				CLANG_WARN_CONSTANT_CONVERSION = YES;
				CLANG_WARN_DEPRECATED_OBJC_IMPLEMENTATIONS = YES;
				CLANG_WARN_DIRECT_OBJC_ISA_USAGE = YES_ERROR;
				CLANG_WARN_DOCUMENTATION_COMMENTS = YES;
				CLANG_WARN_EMPTY_BODY = YES;
				CLANG_WARN_ENUM_CONVERSION = YES;
				CLANG_WARN_INFINITE_RECURSION = YES;
				CLANG_WARN_INT_CONVERSION = YES;
				CLANG_WARN_NON_LITERAL_NULL_CONVERSION = YES;
				CLANG_WARN_OBJC_IMPLICIT_RETAIN_SELF = YES;
				CLANG_WARN_OBJC_LITERAL_CONVERSION = YES;
				CLANG_WARN_OBJC_ROOT_CLASS = YES_ERROR;
				CLANG_WARN_QUOTED_INCLUDE_IN_FRAMEWORK_HEADER = YES;
				CLANG_WARN_RANGE_LOOP_ANALYSIS = YES;
				CLANG_WARN_STRICT_PROTOTYPES = YES;
				CLANG_WARN_SUSPICIOUS_MOVE = YES;
				CLANG_WARN_UNGUARDED_AVAILABILITY = YES_AGGRESSIVE;
				CLANG_WARN_UNREACHABLE_CODE = YES;
				CLANG_WARN__DUPLICATE_METHOD_MATCH = YES;
				COPY_PHASE_STRIP = NO;
				DEBUG_INFORMATION_FORMAT = "dwarf-with-dsym";
				ENABLE_NS_ASSERTIONS = NO;
				ENABLE_STRICT_OBJC_MSGSEND = YES;
				ENABLE_USER_SCRIPT_SANDBOXING = YES;
				GCC_C_LANGUAGE_STANDARD = gnu17;
				GCC_NO_COMMON_BLOCKS = YES;
				GCC_WARN_64_TO_32_BIT_CONVERSION = YES;
				GCC_WARN_ABOUT_RETURN_TYPE = YES_ERROR;
				GCC_WARN_UNDECLARED_SELECTOR = YES;
				GCC_WARN_UNINITIALIZED_AUTOS = YES_AGGRESSIVE;
				GCC_WARN_UNUSED_FUNCTION = YES;
				GCC_WARN_UNUSED_VARIABLE = YES;
				IPHONEOS_DEPLOYMENT_TARGET = 17.5;
				LOCALIZATION_PREFERS_STRING_CATALOGS = YES;
				MTL_ENABLE_DEBUG_INFO = NO;
				MTL_FAST_MATH = YES;
				SDKROOT = iphoneos;
				SWIFT_COMPILATION_MODE = wholemodule;
				VALIDATE_PRODUCT = YES;
			};
			name = Release;
		};
		17D003462C646AA5001DC8B4 /* Debug */ = {
			isa = XCBuildConfiguration;
			buildSettings = {
				ASSETCATALOG_COMPILER_APPICON_NAME = AppIcon;
				ASSETCATALOG_COMPILER_GLOBAL_ACCENT_COLOR_NAME = AccentColor;
				CODE_SIGN_STYLE = Automatic;
				CURRENT_PROJECT_VERSION = 1;
				DEVELOPMENT_ASSET_PATHS = "\"QuikTrade/Preview Content\"";
				ENABLE_PREVIEWS = YES;
				GENERATE_INFOPLIST_FILE = YES;
				INFOPLIST_KEY_UIApplicationSceneManifest_Generation = YES;
				INFOPLIST_KEY_UIApplicationSupportsIndirectInputEvents = YES;
				INFOPLIST_KEY_UILaunchScreen_Generation = YES;
				INFOPLIST_KEY_UISupportedInterfaceOrientations_iPad = "UIInterfaceOrientationPortrait UIInterfaceOrientationPortraitUpsideDown UIInterfaceOrientationLandscapeLeft UIInterfaceOrientationLandscapeRight";
				INFOPLIST_KEY_UISupportedInterfaceOrientations_iPhone = "UIInterfaceOrientationPortrait UIInterfaceOrientationLandscapeLeft UIInterfaceOrientationLandscapeRight";
				LD_RUNPATH_SEARCH_PATHS = (
					"$(inherited)",
					"@executable_path/Frameworks",
				);
				MARKETING_VERSION = 1.0;
				PRODUCT_BUNDLE_IDENTIFIER = com.quiktrade.QuikTrade;
				PRODUCT_NAME = "$(TARGET_NAME)";
				SWIFT_EMIT_LOC_STRINGS = YES;
				SWIFT_VERSION = 5.0;
				TARGETED_DEVICE_FAMILY = "1,2";
			};
			name = Debug;
		};
		17D003472C646AA5001DC8B4 /* Release */ = {
			isa = XCBuildConfiguration;
			buildSettings = {
				ASSETCATALOG_COMPILER_APPICON_NAME = AppIcon;
				ASSETCATALOG_COMPILER_GLOBAL_ACCENT_COLOR_NAME = AccentColor;
				CODE_SIGN_STYLE = Automatic;
				CURRENT_PROJECT_VERSION = 1;
				DEVELOPMENT_ASSET_PATHS = "\"QuikTrade/Preview Content\"";
				ENABLE_PREVIEWS = YES;
				GENERATE_INFOPLIST_FILE = YES;
				INFOPLIST_KEY_UIApplicationSceneManifest_Generation = YES;
				INFOPLIST_KEY_UIApplicationSupportsIndirectInputEvents = YES;
				INFOPLIST_KEY_UILaunchScreen_Generation = YES;
				INFOPLIST_KEY_UISupportedInterfaceOrientations_iPad = "UIInterfaceOrientationPortrait UIInterfaceOrientationPortraitUpsideDown UIInterfaceOrientationLandscapeLeft UIInterfaceOrientationLandscapeRight";
				INFOPLIST_KEY_UISupportedInterfaceOrientations_iPhone = "UIInterfaceOrientationPortrait UIInterfaceOrientationLandscapeLeft UIInterfaceOrientationLandscapeRight";
				LD_RUNPATH_SEARCH_PATHS = (
					"$(inherited)",
					"@executable_path/Frameworks",
				);
				MARKETING_VERSION = 1.0;
				PRODUCT_BUNDLE_IDENTIFIER = com.quiktrade.QuikTrade;
				PRODUCT_NAME = "$(TARGET_NAME)";
				SWIFT_EMIT_LOC_STRINGS = YES;
				SWIFT_VERSION = 5.0;
				TARGETED_DEVICE_FAMILY = "1,2";
			};
			name = Release;
		};
		17D003492C646AA5001DC8B4 /* Debug */ = {
			isa = XCBuildConfiguration;
			buildSettings = {
				ALWAYS_EMBED_SWIFT_STANDARD_LIBRARIES = YES;
				BUNDLE_LOADER = "$(TEST_HOST)";
				CODE_SIGN_STYLE = Automatic;
				CURRENT_PROJECT_VERSION = 1;
				GENERATE_INFOPLIST_FILE = YES;
				IPHONEOS_DEPLOYMENT_TARGET = 17.5;
				MARKETING_VERSION = 1.0;
				PRODUCT_BUNDLE_IDENTIFIER = com.quiktrade.QuikTradeTests;
				PRODUCT_NAME = "$(TARGET_NAME)";
				SWIFT_EMIT_LOC_STRINGS = NO;
				SWIFT_VERSION = 5.0;
				TARGETED_DEVICE_FAMILY = "1,2";
				TEST_HOST = "$(BUILT_PRODUCTS_DIR)/QuikTrade.app/$(BUNDLE_EXECUTABLE_FOLDER_PATH)/QuikTrade";
			};
			name = Debug;
		};
		17D0034A2C646AA5001DC8B4 /* Release */ = {
			isa = XCBuildConfiguration;
			buildSettings = {
				ALWAYS_EMBED_SWIFT_STANDARD_LIBRARIES = YES;
				BUNDLE_LOADER = "$(TEST_HOST)";
				CODE_SIGN_STYLE = Automatic;
				CURRENT_PROJECT_VERSION = 1;
				GENERATE_INFOPLIST_FILE = YES;
				IPHONEOS_DEPLOYMENT_TARGET = 17.5;
				MARKETING_VERSION = 1.0;
				PRODUCT_BUNDLE_IDENTIFIER = com.quiktrade.QuikTradeTests;
				PRODUCT_NAME = "$(TARGET_NAME)";
				SWIFT_EMIT_LOC_STRINGS = NO;
				SWIFT_VERSION = 5.0;
				TARGETED_DEVICE_FAMILY = "1,2";
				TEST_HOST = "$(BUILT_PRODUCTS_DIR)/QuikTrade.app/$(BUNDLE_EXECUTABLE_FOLDER_PATH)/QuikTrade";
			};
			name = Release;
		};
		17D0034C2C646AA5001DC8B4 /* Debug */ = {
			isa = XCBuildConfiguration;
			buildSettings = {
				ALWAYS_EMBED_SWIFT_STANDARD_LIBRARIES = YES;
				CODE_SIGN_STYLE = Automatic;
				CURRENT_PROJECT_VERSION = 1;
				GENERATE_INFOPLIST_FILE = YES;
				MARKETING_VERSION = 1.0;
				PRODUCT_BUNDLE_IDENTIFIER = com.quiktrade.QuikTradeUITests;
				PRODUCT_NAME = "$(TARGET_NAME)";
				SWIFT_EMIT_LOC_STRINGS = NO;
				SWIFT_VERSION = 5.0;
				TARGETED_DEVICE_FAMILY = "1,2";
				TEST_TARGET_NAME = QuikTrade;
			};
			name = Debug;
		};
		17D0034D2C646AA5001DC8B4 /* Release */ = {
			isa = XCBuildConfiguration;
			buildSettings = {
				ALWAYS_EMBED_SWIFT_STANDARD_LIBRARIES = YES;
				CODE_SIGN_STYLE = Automatic;
				CURRENT_PROJECT_VERSION = 1;
				GENERATE_INFOPLIST_FILE = YES;
				MARKETING_VERSION = 1.0;
				PRODUCT_BUNDLE_IDENTIFIER = com.quiktrade.QuikTradeUITests;
				PRODUCT_NAME = "$(TARGET_NAME)";
				SWIFT_EMIT_LOC_STRINGS = NO;
				SWIFT_VERSION = 5.0;
				TARGETED_DEVICE_FAMILY = "1,2";
				TEST_TARGET_NAME = QuikTrade;
			};
			name = Release;
		};
/* End XCBuildConfiguration section */

/* Begin XCConfigurationList section */
		17D0031C2C646AA1001DC8B4 /* Build configuration list for PBXProject "QuikTrade" */ = {
			isa = XCConfigurationList;
			buildConfigurations = (
				17D003432C646AA5001DC8B4 /* Debug */,
				17D003442C646AA5001DC8B4 /* Release */,
			);
			defaultConfigurationIsVisible = 0;
			defaultConfigurationName = Release;
		};
		17D003452C646AA5001DC8B4 /* Build configuration list for PBXNativeTarget "QuikTrade" */ = {
			isa = XCConfigurationList;
			buildConfigurations = (
				17D003462C646AA5001DC8B4 /* Debug */,
				17D003472C646AA5001DC8B4 /* Release */,
			);
			defaultConfigurationIsVisible = 0;
			defaultConfigurationName = Release;
		};
		17D003482C646AA5001DC8B4 /* Build configuration list for PBXNativeTarget "QuikTradeTests" */ = {
			isa = XCConfigurationList;
			buildConfigurations = (
				17D003492C646AA5001DC8B4 /* Debug */,
				17D0034A2C646AA5001DC8B4 /* Release */,
			);
			defaultConfigurationIsVisible = 0;
			defaultConfigurationName = Release;
		};
		17D0034B2C646AA5001DC8B4 /* Build configuration list for PBXNativeTarget "QuikTradeUITests" */ = {
			isa = XCConfigurationList;
			buildConfigurations = (
				17D0034C2C646AA5001DC8B4 /* Debug */,
				17D0034D2C646AA5001DC8B4 /* Release */,
			);
			defaultConfigurationIsVisible = 0;
			defaultConfigurationName = Release;
		};
/* End XCConfigurationList section */
	};
	rootObject = 17D003192C646AA1001DC8B4 /* Project object */;
}
